
Microsoft Visual Studio Solution File, Format Version 12.00
# Visual Studio Version 16
VisualStudioVersion = 16.0.29319.158
MinimumVisualStudioVersion = 10.0.40219.1
Project("{FAE04EC0-301F-11D3-BF4B-00C04F79EFBC}") = "App", "App\App.csproj", "{D67F3E83-489A-4C45-8771-F824B8B0CD38}"
EndProject
Project("{FAE04EC0-301F-11D3-BF4B-00C04F79EFBC}") = "Business", "Business\Business.csproj", "{2464E7EA-B81F-4090-97B2-D320FBCE012A}"
EndProject
Project("{FAE04EC0-301F-11D3-BF4B-00C04F79EFBC}") = "Data", "Data\Data.csproj", "{423749C7-F213-40AB-8AE6-A06A0D683893}"
EndProject
Global
	GlobalSection(SolutionConfigurationPlatforms) = preSolution
		Debug|Any CPU = Debug|Any CPU
		Release|Any CPU = Release|Any CPU
	EndGlobalSection
	GlobalSection(ProjectConfigurationPlatforms) = postSolution
		{D67F3E83-489A-4C45-8771-F824B8B0CD38}.Debug|Any CPU.ActiveCfg = Debug|Any CPU
		{D67F3E83-489A-4C45-8771-F824B8B0CD38}.Debug|Any CPU.Build.0 = Debug|Any CPU
		{D67F3E83-489A-4C45-8771-F824B8B0CD38}.Release|Any CPU.ActiveCfg = Release|Any CPU
		{D67F3E83-489A-4C45-8771-F824B8B0CD38}.Release|Any CPU.Build.0 = Release|Any CPU
		{2464E7EA-B81F-4090-97B2-D320FBCE012A}.Debug|Any CPU.ActiveCfg = Debug|Any CPU
		{2464E7EA-B81F-4090-97B2-D320FBCE012A}.Debug|Any CPU.Build.0 = Debug|Any CPU
		{2464E7EA-B81F-4090-97B2-D320FBCE012A}.Release|Any CPU.ActiveCfg = Release|Any CPU
		{2464E7EA-B81F-4090-97B2-D320FBCE012A}.Release|Any CPU.Build.0 = Release|Any CPU
		{423749C7-F213-40AB-8AE6-A06A0D683893}.Debug|Any CPU.ActiveCfg = Debug|Any CPU
		{423749C7-F213-40AB-8AE6-A06A0D683893}.Debug|Any CPU.Build.0 = Debug|Any CPU
		{423749C7-F213-40AB-8AE6-A06A0D683893}.Release|Any CPU.ActiveCfg = Release|Any CPU
		{423749C7-F213-40AB-8AE6-A06A0D683893}.Release|Any CPU.Build.0 = Release|Any CPU
	EndGlobalSection
	GlobalSection(SolutionProperties) = preSolution
		HideSolutionNode = FALSE
	EndGlobalSection
	GlobalSection(ExtensibilityGlobals) = postSolution
		SolutionGuid = {158A98D1-1096-4A5D-9816-072248A0C710}
	EndGlobalSection
EndGlobal
