
Microsoft Visual Studio Solution File, Format Version 12.00
# Visual Studio 15
VisualStudioVersion = 15.0.27004.2006
MinimumVisualStudioVersion = 10.0.40219.1
Project("{FAE04EC0-301F-11D3-BF4B-00C04F79EFBC}") = "MeetupAPI", "src\MeetupAPI\MeetupAPI.csproj", "{B26494B0-7EF3-49BE-A60E-EF58237FAA50}"
EndProject
Global
	GlobalSection(SolutionConfigurationPlatforms) = preSolution
		Debug|Any CPU = Debug|Any CPU
		Release|Any CPU = Release|Any CPU
	EndGlobalSection
	GlobalSection(ProjectConfigurationPlatforms) = postSolution
		{B26494B0-7EF3-49BE-A60E-EF58237FAA50}.Debug|Any CPU.ActiveCfg = Debug|Any CPU
		{B26494B0-7EF3-49BE-A60E-EF58237FAA50}.Debug|Any CPU.Build.0 = Debug|Any CPU
		{B26494B0-7EF3-49BE-A60E-EF58237FAA50}.Release|Any CPU.ActiveCfg = Release|Any CPU
		{B26494B0-7EF3-49BE-A60E-EF58237FAA50}.Release|Any CPU.Build.0 = Release|Any CPU
	EndGlobalSection
	GlobalSection(SolutionProperties) = preSolution
		HideSolutionNode = FALSE
	EndGlobalSection
	GlobalSection(ExtensibilityGlobals) = postSolution
		SolutionGuid = {138DA064-919E-4424-A1F8-14BBE1FE41C3}
	EndGlobalSection
EndGlobal
